
Microsoft Visual Studio Solution File, Format Version 12.00
# Visual Studio Version 16
VisualStudioVersion = 16.0.31702.278
MinimumVisualStudioVersion = 10.0.40219.1
Project("{FAE04EC0-301F-11D3-BF4B-00C04F79EFBC}") = "ConsoleGame.Code", "ConsoleGame\ConsoleGame.Code.csproj", "{F74AC16F-AD9A-4DAF-8E6A-A1750F48027E}"
EndProject
Project("{FAE04EC0-301F-11D3-BF4B-00C04F79EFBC}") = "ConsoleGame.Test", "ConsoleGame.Test\ConsoleGame.Test.csproj", "{25CB7469-8CE0-4C05-8406-E19BCF8CA94A}"
EndProject
Global
	GlobalSection(SolutionConfigurationPlatforms) = preSolution
		Debug|Any CPU = Debug|Any CPU
		Release|Any CPU = Release|Any CPU
	EndGlobalSection
	GlobalSection(ProjectConfigurationPlatforms) = postSolution
		{F74AC16F-AD9A-4DAF-8E6A-A1750F48027E}.Debug|Any CPU.ActiveCfg = Debug|Any CPU
		{F74AC16F-AD9A-4DAF-8E6A-A1750F48027E}.Debug|Any CPU.Build.0 = Debug|Any CPU
		{F74AC16F-AD9A-4DAF-8E6A-A1750F48027E}.Release|Any CPU.ActiveCfg = Release|Any CPU
		{F74AC16F-AD9A-4DAF-8E6A-A1750F48027E}.Release|Any CPU.Build.0 = Release|Any CPU
		{25CB7469-8CE0-4C05-8406-E19BCF8CA94A}.Debug|Any CPU.ActiveCfg = Debug|Any CPU
		{25CB7469-8CE0-4C05-8406-E19BCF8CA94A}.Debug|Any CPU.Build.0 = Debug|Any CPU
		{25CB7469-8CE0-4C05-8406-E19BCF8CA94A}.Release|Any CPU.ActiveCfg = Release|Any CPU
		{25CB7469-8CE0-4C05-8406-E19BCF8CA94A}.Release|Any CPU.Build.0 = Release|Any CPU
	EndGlobalSection
	GlobalSection(SolutionProperties) = preSolution
		HideSolutionNode = FALSE
	EndGlobalSection
	GlobalSection(ExtensibilityGlobals) = postSolution
		SolutionGuid = {46F1952C-466A-47CB-AA31-08F397955FBB}
	EndGlobalSection
EndGlobal
